<?xml version="1.0" encoding="UTF-8" standalone="yes" ?>
<CodeBlocks_project_file>
	<FileVersion major="1" minor="6" />
	<Project>
		<Option title="Projekt_Przychodnia_PP2" />
		<Option pch_mode="2" />
		<Option compiler="gcc" />
		<Build>
			<Target title="Debug">
				<Option output="bin/Debug/Projekt_Przychodnia_PP2" prefix_auto="1" extension_auto="1" />
				<Option object_output="obj/Debug/" />
				<Option type="1" />
				<Option compiler="gcc" />
				<Compiler>
					<Add option="-g" />
				</Compiler>
			</Target>
			<Target title="Release">
				<Option output="bin/Release/Projekt_Przychodnia_PP2" prefix_auto="1" extension_auto="1" />
				<Option object_output="obj/Release/" />
				<Option type="1" />
				<Option compiler="gcc" />
				<Compiler>
					<Add option="-O2" />
				</Compiler>
				<Linker>
					<Add option="-s" />
				</Linker>
			</Target>
		</Build>
		<Compiler>
			<Add option="-Wall" />
		</Compiler>
		<Unit filename="Przychodnia_projekt_rejestracja_ID.c">
			<Option compilerVar="CC" />
		</Unit>
		<Unit filename="lekarze.c">
			<Option compilerVar="CC" />
		</Unit>
		<Unit filename="lekarze.h" />
		<Unit filename="pacjenci.c">
			<Option compilerVar="CC" />
		</Unit>
		<Unit filename="pacjenci.h" />
		<Unit filename="wizyty.c">
			<Option compilerVar="CC" />
		</Unit>
		<Unit filename="wizyty.h" />
		<Extensions>
			<code_completion />
			<envvars />
			<debugger />
			<lib_finder disable_auto="1" />
		</Extensions>
	</Project>
</CodeBlocks_project_file>
